
Microsoft Visual Studio Solution File, Format Version 12.00
# Visual Studio 15
VisualStudioVersion = 15.0.28307.271
MinimumVisualStudioVersion = 10.0.40219.1
Project("{FAE04EC0-301F-11D3-BF4B-00C04F79EFBC}") = "Testv1", "Testv1\Testv1.csproj", "{4F1DDC34-E55B-481C-B441-54ACB658121F}"
EndProject
Global
	GlobalSection(SolutionConfigurationPlatforms) = preSolution
		Debug|Any CPU = Debug|Any CPU
		Release|Any CPU = Release|Any CPU
	EndGlobalSection
	GlobalSection(ProjectConfigurationPlatforms) = postSolution
		{4F1DDC34-E55B-481C-B441-54ACB658121F}.Debug|Any CPU.ActiveCfg = Debug|Any CPU
		{4F1DDC34-E55B-481C-B441-54ACB658121F}.Debug|Any CPU.Build.0 = Debug|Any CPU
		{4F1DDC34-E55B-481C-B441-54ACB658121F}.Release|Any CPU.ActiveCfg = Release|Any CPU
		{4F1DDC34-E55B-481C-B441-54ACB658121F}.Release|Any CPU.Build.0 = Release|Any CPU
	EndGlobalSection
	GlobalSection(SolutionProperties) = preSolution
		HideSolutionNode = FALSE
	EndGlobalSection
	GlobalSection(ExtensibilityGlobals) = postSolution
		SolutionGuid = {A5695B27-DDBC-43F4-8FD5-EE9B1FCB840B}
	EndGlobalSection
EndGlobal
